
Microsoft Visual Studio Solution File, Format Version 12.00
# Visual Studio Version 17
VisualStudioVersion = 17.7.34031.279
MinimumVisualStudioVersion = 10.0.40219.1
Project("{FAE04EC0-301F-11D3-BF4B-00C04F79EFBC}") = "Lab1.1", "Lab1.1\Lab1.1.csproj", "{2B4FAB08-BDC6-42EA-B3EA-0E2D10469538}"
EndProject
Global
	GlobalSection(SolutionConfigurationPlatforms) = preSolution
		Debug|Any CPU = Debug|Any CPU
		Release|Any CPU = Release|Any CPU
	EndGlobalSection
	GlobalSection(ProjectConfigurationPlatforms) = postSolution
		{2B4FAB08-BDC6-42EA-B3EA-0E2D10469538}.Debug|Any CPU.ActiveCfg = Debug|Any CPU
		{2B4FAB08-BDC6-42EA-B3EA-0E2D10469538}.Debug|Any CPU.Build.0 = Debug|Any CPU
		{2B4FAB08-BDC6-42EA-B3EA-0E2D10469538}.Release|Any CPU.ActiveCfg = Release|Any CPU
		{2B4FAB08-BDC6-42EA-B3EA-0E2D10469538}.Release|Any CPU.Build.0 = Release|Any CPU
	EndGlobalSection
	GlobalSection(SolutionProperties) = preSolution
		HideSolutionNode = FALSE
	EndGlobalSection
	GlobalSection(ExtensibilityGlobals) = postSolution
		SolutionGuid = {AAB805C4-E29C-4D68-9275-FAD2B2081589}
	EndGlobalSection
EndGlobal
